
Microsoft Visual Studio Solution File, Format Version 12.00
# Visual Studio Version 17
VisualStudioVersion = 17.8.34330.188
MinimumVisualStudioVersion = 10.0.40219.1
Project("{9A19103F-16F7-4668-BE54-9A1E7A4F7556}") = "GCP", "GCP.csproj", "{82D2EDA1-C390-47D4-B9BA-0BF826CA2D5F}"
EndProject
Global
	GlobalSection(SolutionConfigurationPlatforms) = preSolution
		Debug|Any CPU = Debug|Any CPU
		Release|Any CPU = Release|Any CPU
	EndGlobalSection
	GlobalSection(ProjectConfigurationPlatforms) = postSolution
		{82D2EDA1-C390-47D4-B9BA-0BF826CA2D5F}.Debug|Any CPU.ActiveCfg = Debug|Any CPU
		{82D2EDA1-C390-47D4-B9BA-0BF826CA2D5F}.Debug|Any CPU.Build.0 = Debug|Any CPU
		{82D2EDA1-C390-47D4-B9BA-0BF826CA2D5F}.Release|Any CPU.ActiveCfg = Release|Any CPU
		{82D2EDA1-C390-47D4-B9BA-0BF826CA2D5F}.Release|Any CPU.Build.0 = Release|Any CPU
	EndGlobalSection
	GlobalSection(SolutionProperties) = preSolution
		HideSolutionNode = FALSE
	EndGlobalSection
	GlobalSection(ExtensibilityGlobals) = postSolution
		SolutionGuid = {D3562D3F-6619-4D49-AB21-5B95FCC5B7CA}
	EndGlobalSection
EndGlobal
